
Microsoft Visual Studio Solution File, Format Version 12.00
# Visual Studio Version 17
VisualStudioVersion = 17.8.34525.116
MinimumVisualStudioVersion = 10.0.40219.1
Project("{FAE04EC0-301F-11D3-BF4B-00C04F79EFBC}") = "NewAppTpp", "NewAppTpp\NewAppTpp.csproj", "{5CD80D32-CB68-4DA2-8593-76AB98D2684E}"
EndProject
Global
	GlobalSection(SolutionConfigurationPlatforms) = preSolution
		Debug|Any CPU = Debug|Any CPU
		Release|Any CPU = Release|Any CPU
	EndGlobalSection
	GlobalSection(ProjectConfigurationPlatforms) = postSolution
		{5CD80D32-CB68-4DA2-8593-76AB98D2684E}.Debug|Any CPU.ActiveCfg = Debug|Any CPU
		{5CD80D32-CB68-4DA2-8593-76AB98D2684E}.Debug|Any CPU.Build.0 = Debug|Any CPU
		{5CD80D32-CB68-4DA2-8593-76AB98D2684E}.Release|Any CPU.ActiveCfg = Release|Any CPU
		{5CD80D32-CB68-4DA2-8593-76AB98D2684E}.Release|Any CPU.Build.0 = Release|Any CPU
	EndGlobalSection
	GlobalSection(SolutionProperties) = preSolution
		HideSolutionNode = FALSE
	EndGlobalSection
	GlobalSection(ExtensibilityGlobals) = postSolution
		SolutionGuid = {B3DBE538-569E-47E4-A41B-E3CF9BEA016B}
	EndGlobalSection
EndGlobal
